{
  "pins" : [
    {
      "identity" : "chatgptkit",
      "kind" : "remoteSourceControl",
      "location" : "https://github.com/heysaik/ChatGPTKit",
      "state" : {
        "branch" : "main",
        "revision" : "0249807759026741e659f9adff00a6691f619b1d"
      }
    },
    {
      "identity" : "lottie-ios",
      "kind" : "remoteSourceControl",
      "location" : "https://github.com/airbnb/lottie-ios.git",
      "state" : {
        "revision" : "f522990668c2f9132323a2e68d924c7dcb9130b4",
        "version" : "4.4.0"
      }
    }
  ],
  "version" : 2
}
